
Microsoft Visual Studio Solution File, Format Version 12.00
# Visual Studio Version 17
VisualStudioVersion = 17.11.35208.52
MinimumVisualStudioVersion = 10.0.40219.1
Project("{FAE04EC0-301F-11D3-BF4B-00C04F79EFBC}") = "prueba", "prueba\prueba.csproj", "{F09CBB82-B0F1-4062-B0F1-51B1018BC7DD}"
EndProject
Global
	GlobalSection(SolutionConfigurationPlatforms) = preSolution
		Debug|Any CPU = Debug|Any CPU
		Release|Any CPU = Release|Any CPU
	EndGlobalSection
	GlobalSection(ProjectConfigurationPlatforms) = postSolution
		{F09CBB82-B0F1-4062-B0F1-51B1018BC7DD}.Debug|Any CPU.ActiveCfg = Debug|Any CPU
		{F09CBB82-B0F1-4062-B0F1-51B1018BC7DD}.Debug|Any CPU.Build.0 = Debug|Any CPU
		{F09CBB82-B0F1-4062-B0F1-51B1018BC7DD}.Release|Any CPU.ActiveCfg = Release|Any CPU
		{F09CBB82-B0F1-4062-B0F1-51B1018BC7DD}.Release|Any CPU.Build.0 = Release|Any CPU
	EndGlobalSection
	GlobalSection(SolutionProperties) = preSolution
		HideSolutionNode = FALSE
	EndGlobalSection
	GlobalSection(ExtensibilityGlobals) = postSolution
		SolutionGuid = {8ECE2EC6-FCB3-40A7-BEBE-147AC0A434B0}
	EndGlobalSection
EndGlobal
